// !$*UTF8*$!
{
	archiveVersion = 1;
	classes = {
	};
	objectVersion = 50;
	objects = {

/* Begin PBXBuildFile section */
		0E3C40D321F0ABC000A253B8 /* ColorConverter.framework in Frameworks */ = {isa = PBXBuildFile; fileRef = 0E3C40D021F0ABB800A253B8 /* ColorConverter.framework */; };
		0E3C40D421F0ABC000A253B8 /* ColorConverter.framework in Embed Frameworks */ = {isa = PBXBuildFile; fileRef = 0E3C40D021F0ABB800A253B8 /* ColorConverter.framework */; settings = {ATTRIBUTES = (CodeSignOnCopy, RemoveHeadersOnCopy, ); }; };
		80583B6821E5F32600D6026D /* UITextField+Extensions.swift in Sources */ = {isa = PBXBuildFile; fileRef = 80583B6721E5F32600D6026D /* UITextField+Extensions.swift */; };
		80E3B49921D386EA00765348 /* AppDelegate.swift in Sources */ = {isa = PBXBuildFile; fileRef = 80E3B49821D386EA00765348 /* AppDelegate.swift */; };
		80E3B49B21D386EA00765348 /* ColorConverterTableViewController.swift in Sources */ = {isa = PBXBuildFile; fileRef = 80E3B49A21D386EA00765348 /* ColorConverterTableViewController.swift */; };
		80E3B49E21D386EA00765348 /* Main.storyboard in Resources */ = {isa = PBXBuildFile; fileRef = 80E3B49C21D386EA00765348 /* Main.storyboard */; };
		80E3B4A021D386EC00765348 /* Assets.xcassets in Resources */ = {isa = PBXBuildFile; fileRef = 80E3B49F21D386EC00765348 /* Assets.xcassets */; };
		80E3B4A321D386EC00765348 /* LaunchScreen.storyboard in Resources */ = {isa = PBXBuildFile; fileRef = 80E3B4A121D386EC00765348 /* LaunchScreen.storyboard */; };
/* End PBXBuildFile section */

/* Begin PBXContainerItemProxy section */
		0E3C40CF21F0ABB800A253B8 /* PBXContainerItemProxy */ = {
			isa = PBXContainerItemProxy;
			containerPortal = 0E3C40CA21F0ABB800A253B8 /* ColorConverter.xcodeproj */;
			proxyType = 2;
			remoteGlobalIDString = 0E3C3FD621F0A7E500A253B8;
			remoteInfo = ColorConverter;
		};
		0E3C40D121F0ABB800A253B8 /* PBXContainerItemProxy */ = {
			isa = PBXContainerItemProxy;
			containerPortal = 0E3C40CA21F0ABB800A253B8 /* ColorConverter.xcodeproj */;
			proxyType = 2;
			remoteGlobalIDString = 0E3C3FDF21F0A7E500A253B8;
			remoteInfo = ColorConverterTests;
		};
		0E3C40D521F0ABC000A253B8 /* PBXContainerItemProxy */ = {
			isa = PBXContainerItemProxy;
			containerPortal = 0E3C40CA21F0ABB800A253B8 /* ColorConverter.xcodeproj */;
			proxyType = 1;
			remoteGlobalIDString = 0E3C3FD521F0A7E500A253B8;
			remoteInfo = ColorConverter;
		};
/* End PBXContainerItemProxy section */

/* Begin PBXCopyFilesBuildPhase section */
		0E3C40A921F0AA3A00A253B8 /* Embed Frameworks */ = {
			isa = PBXCopyFilesBuildPhase;
			buildActionMask = 2147483647;
			dstPath = "";
			dstSubfolderSpec = 10;
			files = (
				0E3C40D421F0ABC000A253B8 /* ColorConverter.framework in Embed Frameworks */,
			);
			name = "Embed Frameworks";
			runOnlyForDeploymentPostprocessing = 0;
		};
/* End PBXCopyFilesBuildPhase section */

/* Begin PBXFileReference section */
		0E3C40CA21F0ABB800A253B8 /* ColorConverter.xcodeproj */ = {isa = PBXFileReference; lastKnownFileType = "wrapper.pb-project"; name = ColorConverter.xcodeproj; path = ColorConverter/ColorConverter.xcodeproj; sourceTree = "<group>"; };
		80583B6721E5F32600D6026D /* UITextField+Extensions.swift */ = {isa = PBXFileReference; lastKnownFileType = sourcecode.swift; path = "UITextField+Extensions.swift"; sourceTree = "<group>"; };
		80E3B49521D386EA00765348 /* BegaColorConverter.app */ = {isa = PBXFileReference; explicitFileType = wrapper.application; includeInIndex = 0; path = BegaColorConverter.app; sourceTree = BUILT_PRODUCTS_DIR; };
		80E3B49821D386EA00765348 /* AppDelegate.swift */ = {isa = PBXFileReference; lastKnownFileType = sourcecode.swift; path = AppDelegate.swift; sourceTree = "<group>"; };
		80E3B49A21D386EA00765348 /* ColorConverterTableViewController.swift */ = {isa = PBXFileReference; lastKnownFileType = sourcecode.swift; path = ColorConverterTableViewController.swift; sourceTree = "<group>"; };
		80E3B49D21D386EA00765348 /* Base */ = {isa = PBXFileReference; lastKnownFileType = file.storyboard; name = Base; path = Base.lproj/Main.storyboard; sourceTree = "<group>"; };
		80E3B49F21D386EC00765348 /* Assets.xcassets */ = {isa = PBXFileReference; lastKnownFileType = folder.assetcatalog; path = Assets.xcassets; sourceTree = "<group>"; };
		80E3B4A221D386EC00765348 /* Base */ = {isa = PBXFileReference; lastKnownFileType = file.storyboard; name = Base; path = Base.lproj/LaunchScreen.storyboard; sourceTree = "<group>"; };
		80E3B4A421D386EC00765348 /* Info.plist */ = {isa = PBXFileReference; lastKnownFileType = text.plist.xml; path = Info.plist; sourceTree = "<group>"; };
/* End PBXFileReference section */

/* Begin PBXFrameworksBuildPhase section */
		80E3B49221D386EA00765348 /* Frameworks */ = {
			isa = PBXFrameworksBuildPhase;
			buildActionMask = 2147483647;
			files = (
				0E3C40D321F0ABC000A253B8 /* ColorConverter.framework in Frameworks */,
			);
			runOnlyForDeploymentPostprocessing = 0;
		};
/* End PBXFrameworksBuildPhase section */

/* Begin PBXGroup section */
		0E3C40CB21F0ABB800A253B8 /* Products */ = {
			isa = PBXGroup;
			children = (
				0E3C40D021F0ABB800A253B8 /* ColorConverter.framework */,
				0E3C40D221F0ABB800A253B8 /* ColorConverterTests.xctest */,
			);
			name = Products;
			sourceTree = "<group>";
		};
		80583B6621E5F30400D6026D /* Extensions */ = {
			isa = PBXGroup;
			children = (
				80583B6721E5F32600D6026D /* UITextField+Extensions.swift */,
			);
			path = Extensions;
			sourceTree = "<group>";
		};
		80583B9421EF860900D6026D /* Supporting files */ = {
			isa = PBXGroup;
			children = (
				80E3B49821D386EA00765348 /* AppDelegate.swift */,
				80E3B49C21D386EA00765348 /* Main.storyboard */,
				80E3B49F21D386EC00765348 /* Assets.xcassets */,
				80E3B4A121D386EC00765348 /* LaunchScreen.storyboard */,
			);
			path = "Supporting files";
			sourceTree = "<group>";
		};
		809669BD21DE4C19001AA674 /* Controller */ = {
			isa = PBXGroup;
			children = (
				80E3B49A21D386EA00765348 /* ColorConverterTableViewController.swift */,
			);
			path = Controller;
			sourceTree = "<group>";
		};
		80E3B48C21D386EA00765348 = {
			isa = PBXGroup;
			children = (
				80E3B49721D386EA00765348 /* BegaColorConverter */,
				80583B6621E5F30400D6026D /* Extensions */,
				80E3B49621D386EA00765348 /* Products */,
			);
			sourceTree = "<group>";
		};
		80E3B49621D386EA00765348 /* Products */ = {
			isa = PBXGroup;
			children = (
				80E3B49521D386EA00765348 /* BegaColorConverter.app */,
			);
			name = Products;
			sourceTree = "<group>";
		};
		80E3B49721D386EA00765348 /* BegaColorConverter */ = {
			isa = PBXGroup;
			children = (
				0E3C40CA21F0ABB800A253B8 /* ColorConverter.xcodeproj */,
				80583B9421EF860900D6026D /* Supporting files */,
				809669BD21DE4C19001AA674 /* Controller */,
				80E3B4A421D386EC00765348 /* Info.plist */,
			);
			path = BegaColorConverter;
			sourceTree = "<group>";
		};
/* End PBXGroup section */

/* Begin PBXNativeTarget section */
		80E3B49421D386EA00765348 /* BegaColorConverter */ = {
			isa = PBXNativeTarget;
			buildConfigurationList = 80E3B4B221D386ED00765348 /* Build configuration list for PBXNativeTarget "BegaColorConverter" */;
			buildPhases = (
				80E3B49121D386EA00765348 /* Sources */,
				80E3B49221D386EA00765348 /* Frameworks */,
				80E3B49321D386EA00765348 /* Resources */,
				0E3C40A921F0AA3A00A253B8 /* Embed Frameworks */,
			);
			buildRules = (
			);
			dependencies = (
				0E3C40D621F0ABC000A253B8 /* PBXTargetDependency */,
			);
			name = BegaColorConverter;
			productName = BegaColorConverter;
			productReference = 80E3B49521D386EA00765348 /* BegaColorConverter.app */;
			productType = "com.apple.product-type.application";
		};
/* End PBXNativeTarget section */

/* Begin PBXProject section */
		80E3B48D21D386EA00765348 /* Project object */ = {
			isa = PBXProject;
			attributes = {
				LastSwiftUpdateCheck = 1010;
				LastUpgradeCheck = 1010;
				ORGANIZATIONNAME = Vova;
				TargetAttributes = {
					80E3B49421D386EA00765348 = {
						CreatedOnToolsVersion = 10.1;
					};
				};
			};
			buildConfigurationList = 80E3B49021D386EA00765348 /* Build configuration list for PBXProject "BegaColorConverter" */;
			compatibilityVersion = "Xcode 9.3";
			developmentRegion = en;
			hasScannedForEncodings = 0;
			knownRegions = (
				en,
				Base,
			);
			mainGroup = 80E3B48C21D386EA00765348;
			productRefGroup = 80E3B49621D386EA00765348 /* Products */;
			projectDirPath = "";
			projectReferences = (
				{
					ProductGroup = 0E3C40CB21F0ABB800A253B8 /* Products */;
					ProjectRef = 0E3C40CA21F0ABB800A253B8 /* ColorConverter.xcodeproj */;
				},
			);
			projectRoot = "";
			targets = (
				80E3B49421D386EA00765348 /* BegaColorConverter */,
			);
		};
/* End PBXProject section */

/* Begin PBXReferenceProxy section */
		0E3C40D021F0ABB800A253B8 /* ColorConverter.framework */ = {
			isa = PBXReferenceProxy;
			fileType = wrapper.framework;
			path = ColorConverter.framework;
			remoteRef = 0E3C40CF21F0ABB800A253B8 /* PBXContainerItemProxy */;
			sourceTree = BUILT_PRODUCTS_DIR;
		};
		0E3C40D221F0ABB800A253B8 /* ColorConverterTests.xctest */ = {
			isa = PBXReferenceProxy;
			fileType = wrapper.cfbundle;
			path = ColorConverterTests.xctest;
			remoteRef = 0E3C40D121F0ABB800A253B8 /* PBXContainerItemProxy */;
			sourceTree = BUILT_PRODUCTS_DIR;
		};
/* End PBXReferenceProxy section */

/* Begin PBXResourcesBuildPhase section */
		80E3B49321D386EA00765348 /* Resources */ = {
			isa = PBXResourcesBuildPhase;
			buildActionMask = 2147483647;
			files = (
				80E3B4A321D386EC00765348 /* LaunchScreen.storyboard in Resources */,
				80E3B4A021D386EC00765348 /* Assets.xcassets in Resources */,
				80E3B49E21D386EA00765348 /* Main.storyboard in Resources */,
			);
			runOnlyForDeploymentPostprocessing = 0;
		};
/* End PBXResourcesBuildPhase section */

/* Begin PBXSourcesBuildPhase section */
		80E3B49121D386EA00765348 /* Sources */ = {
			isa = PBXSourcesBuildPhase;
			buildActionMask = 2147483647;
			files = (
				80583B6821E5F32600D6026D /* UITextField+Extensions.swift in Sources */,
				80E3B49B21D386EA00765348 /* ColorConverterTableViewController.swift in Sources */,
				80E3B49921D386EA00765348 /* AppDelegate.swift in Sources */,
			);
			runOnlyForDeploymentPostprocessing = 0;
		};
/* End PBXSourcesBuildPhase section */

/* Begin PBXTargetDependency section */
		0E3C40D621F0ABC000A253B8 /* PBXTargetDependency */ = {
			isa = PBXTargetDependency;
			name = ColorConverter;
			targetProxy = 0E3C40D521F0ABC000A253B8 /* PBXContainerItemProxy */;
		};
/* End PBXTargetDependency section */

/* Begin PBXVariantGroup section */
		80E3B49C21D386EA00765348 /* Main.storyboard */ = {
			isa = PBXVariantGroup;
			children = (
				80E3B49D21D386EA00765348 /* Base */,
			);
			name = Main.storyboard;
			sourceTree = "<group>";
		};
		80E3B4A121D386EC00765348 /* LaunchScreen.storyboard */ = {
			isa = PBXVariantGroup;
			children = (
				80E3B4A221D386EC00765348 /* Base */,
			);
			name = LaunchScreen.storyboard;
			sourceTree = "<group>";
		};
/* End PBXVariantGroup section */

/* Begin XCBuildConfiguration section */
		80E3B4B021D386ED00765348 /* Debug */ = {
			isa = XCBuildConfiguration;
			buildSettings = {
				ALWAYS_SEARCH_USER_PATHS = NO;
				CLANG_ANALYZER_NONNULL = YES;
				CLANG_ANALYZER_NUMBER_OBJECT_CONVERSION = YES_AGGRESSIVE;
				CLANG_CXX_LANGUAGE_STANDARD = "gnu++14";
				CLANG_CXX_LIBRARY = "libc++";
				CLANG_ENABLE_MODULES = YES;
				CLANG_ENABLE_OBJC_ARC = YES;
				CLANG_ENABLE_OBJC_WEAK = YES;
				CLANG_WARN_BLOCK_CAPTURE_AUTORELEASING = YES;
				CLANG_WARN_BOOL_CONVERSION = YES;
				CLANG_WARN_COMMA = YES;
				CLANG_WARN_CONSTANT_CONVERSION = YES;
				CLANG_WARN_DEPRECATED_OBJC_IMPLEMENTATIONS = YES;
				CLANG_WARN_DIRECT_OBJC_ISA_USAGE = YES_ERROR;
				CLANG_WARN_DOCUMENTATION_COMMENTS = YES;
				CLANG_WARN_EMPTY_BODY = YES;
				CLANG_WARN_ENUM_CONVERSION = YES;
				CLANG_WARN_INFINITE_RECURSION = YES;
				CLANG_WARN_INT_CONVERSION = YES;
				CLANG_WARN_NON_LITERAL_NULL_CONVERSION = YES;
				CLANG_WARN_OBJC_IMPLICIT_RETAIN_SELF = YES;
				CLANG_WARN_OBJC_LITERAL_CONVERSION = YES;
				CLANG_WARN_OBJC_ROOT_CLASS = YES_ERROR;
				CLANG_WARN_RANGE_LOOP_ANALYSIS = YES;
				CLANG_WARN_STRICT_PROTOTYPES = YES;
				CLANG_WARN_SUSPICIOUS_MOVE = YES;
				CLANG_WARN_UNGUARDED_AVAILABILITY = YES_AGGRESSIVE;
				CLANG_WARN_UNREACHABLE_CODE = YES;
				CLANG_WARN__DUPLICATE_METHOD_MATCH = YES;
				CODE_SIGN_IDENTITY = "iPhone Developer";
				COPY_PHASE_STRIP = NO;
				DEBUG_INFORMATION_FORMAT = dwarf;
				ENABLE_STRICT_OBJC_MSGSEND = YES;
				ENABLE_TESTABILITY = YES;
				GCC_C_LANGUAGE_STANDARD = gnu11;
				GCC_DYNAMIC_NO_PIC = NO;
				GCC_NO_COMMON_BLOCKS = YES;
				GCC_OPTIMIZATION_LEVEL = 0;
				GCC_PREPROCESSOR_DEFINITIONS = (
					"DEBUG=1",
					"$(inherited)",
				);
				GCC_WARN_64_TO_32_BIT_CONVERSION = YES;
				GCC_WARN_ABOUT_RETURN_TYPE = YES_ERROR;
				GCC_WARN_UNDECLARED_SELECTOR = YES;
				GCC_WARN_UNINITIALIZED_AUTOS = YES_AGGRESSIVE;
				GCC_WARN_UNUSED_FUNCTION = YES;
				GCC_WARN_UNUSED_VARIABLE = YES;
				IPHONEOS_DEPLOYMENT_TARGET = 12.1;
				MTL_ENABLE_DEBUG_INFO = INCLUDE_SOURCE;
				MTL_FAST_MATH = YES;
				ONLY_ACTIVE_ARCH = YES;
				SDKROOT = iphoneos;
				SWIFT_ACTIVE_COMPILATION_CONDITIONS = DEBUG;
				SWIFT_OPTIMIZATION_LEVEL = "-Onone";
			};
			name = Debug;
		};
		80E3B4B121D386ED00765348 /* Release */ = {
			isa = XCBuildConfiguration;
			buildSettings = {
				ALWAYS_SEARCH_USER_PATHS = NO;
				CLANG_ANALYZER_NONNULL = YES;
				CLANG_ANALYZER_NUMBER_OBJECT_CONVERSION = YES_AGGRESSIVE;
				CLANG_CXX_LANGUAGE_STANDARD = "gnu++14";
				CLANG_CXX_LIBRARY = "libc++";
				CLANG_ENABLE_MODULES = YES;
				CLANG_ENABLE_OBJC_ARC = YES;
				CLANG_ENABLE_OBJC_WEAK = YES;
				CLANG_WARN_BLOCK_CAPTURE_AUTORELEASING = YES;
				CLANG_WARN_BOOL_CONVERSION = YES;
				CLANG_WARN_COMMA = YES;
				CLANG_WARN_CONSTANT_CONVERSION = YES;
				CLANG_WARN_DEPRECATED_OBJC_IMPLEMENTATIONS = YES;
				CLANG_WARN_DIRECT_OBJC_ISA_USAGE = YES_ERROR;
				CLANG_WARN_DOCUMENTATION_COMMENTS = YES;
				CLANG_WARN_EMPTY_BODY = YES;
				CLANG_WARN_ENUM_CONVERSION = YES;
				CLANG_WARN_INFINITE_RECURSION = YES;
				CLANG_WARN_INT_CONVERSION = YES;
				CLANG_WARN_NON_LITERAL_NULL_CONVERSION = YES;
				CLANG_WARN_OBJC_IMPLICIT_RETAIN_SELF = YES;
				CLANG_WARN_OBJC_LITERAL_CONVERSION = YES;
				CLANG_WARN_OBJC_ROOT_CLASS = YES_ERROR;
				CLANG_WARN_RANGE_LOOP_ANALYSIS = YES;
				CLANG_WARN_STRICT_PROTOTYPES = YES;
				CLANG_WARN_SUSPICIOUS_MOVE = YES;
				CLANG_WARN_UNGUARDED_AVAILABILITY = YES_AGGRESSIVE;
				CLANG_WARN_UNREACHABLE_CODE = YES;
				CLANG_WARN__DUPLICATE_METHOD_MATCH = YES;
				CODE_SIGN_IDENTITY = "iPhone Developer";
				COPY_PHASE_STRIP = NO;
				DEBUG_INFORMATION_FORMAT = "dwarf-with-dsym";
				ENABLE_NS_ASSERTIONS = NO;
				ENABLE_STRICT_OBJC_MSGSEND = YES;
				GCC_C_LANGUAGE_STANDARD = gnu11;
				GCC_NO_COMMON_BLOCKS = YES;
				GCC_WARN_64_TO_32_BIT_CONVERSION = YES;
				GCC_WARN_ABOUT_RETURN_TYPE = YES_ERROR;
				GCC_WARN_UNDECLARED_SELECTOR = YES;
				GCC_WARN_UNINITIALIZED_AUTOS = YES_AGGRESSIVE;
				GCC_WARN_UNUSED_FUNCTION = YES;
				GCC_WARN_UNUSED_VARIABLE = YES;
				IPHONEOS_DEPLOYMENT_TARGET = 12.1;
				MTL_ENABLE_DEBUG_INFO = NO;
				MTL_FAST_MATH = YES;
				SDKROOT = iphoneos;
				SWIFT_COMPILATION_MODE = wholemodule;
				SWIFT_OPTIMIZATION_LEVEL = "-O";
				VALIDATE_PRODUCT = YES;
			};
			name = Release;
		};
		80E3B4B321D386ED00765348 /* Debug */ = {
			isa = XCBuildConfiguration;
			buildSettings = {
				ALWAYS_EMBED_SWIFT_STANDARD_LIBRARIES = YES;
				ASSETCATALOG_COMPILER_APPICON_NAME = AppIcon;
				CODE_SIGN_STYLE = Automatic;
				DEVELOPMENT_TEAM = "";
				INFOPLIST_FILE = BegaColorConverter/Info.plist;
				LD_RUNPATH_SEARCH_PATHS = (
					"$(inherited)",
					"@executable_path/Frameworks",
				);
				PRODUCT_BUNDLE_IDENTIFIER = work.BegaColorConverter;
				PRODUCT_NAME = "$(TARGET_NAME)";
				SWIFT_VERSION = 4.2;
				TARGETED_DEVICE_FAMILY = "1,2";
			};
			name = Debug;
		};
		80E3B4B421D386ED00765348 /* Release */ = {
			isa = XCBuildConfiguration;
			buildSettings = {
				ALWAYS_EMBED_SWIFT_STANDARD_LIBRARIES = YES;
				ASSETCATALOG_COMPILER_APPICON_NAME = AppIcon;
				CODE_SIGN_STYLE = Automatic;
				DEVELOPMENT_TEAM = "";
				INFOPLIST_FILE = BegaColorConverter/Info.plist;
				LD_RUNPATH_SEARCH_PATHS = (
					"$(inherited)",
					"@executable_path/Frameworks",
				);
				PRODUCT_BUNDLE_IDENTIFIER = work.BegaColorConverter;
				PRODUCT_NAME = "$(TARGET_NAME)";
				SWIFT_VERSION = 4.2;
				TARGETED_DEVICE_FAMILY = "1,2";
			};
			name = Release;
		};
/* End XCBuildConfiguration section */

/* Begin XCConfigurationList section */
		80E3B49021D386EA00765348 /* Build configuration list for PBXProject "BegaColorConverter" */ = {
			isa = XCConfigurationList;
			buildConfigurations = (
				80E3B4B021D386ED00765348 /* Debug */,
				80E3B4B121D386ED00765348 /* Release */,
			);
			defaultConfigurationIsVisible = 0;
			defaultConfigurationName = Release;
		};
		80E3B4B221D386ED00765348 /* Build configuration list for PBXNativeTarget "BegaColorConverter" */ = {
			isa = XCConfigurationList;
			buildConfigurations = (
				80E3B4B321D386ED00765348 /* Debug */,
				80E3B4B421D386ED00765348 /* Release */,
			);
			defaultConfigurationIsVisible = 0;
			defaultConfigurationName = Release;
		};
/* End XCConfigurationList section */
	};
	rootObject = 80E3B48D21D386EA00765348 /* Project object */;
}
